
Microsoft Visual Studio Solution File, Format Version 12.00
# Visual Studio Version 17
VisualStudioVersion = 17.1.32328.378
MinimumVisualStudioVersion = 10.0.40219.1
Project("{FAE04EC0-301F-11D3-BF4B-00C04F79EFBC}") = "summamove", "summamove\summamove.csproj", "{C330F0FB-6A16-4B13-81EC-0F417D895102}"
EndProject
Global
	GlobalSection(SolutionConfigurationPlatforms) = preSolution
		Debug|Any CPU = Debug|Any CPU
		Release|Any CPU = Release|Any CPU
	EndGlobalSection
	GlobalSection(ProjectConfigurationPlatforms) = postSolution
		{C330F0FB-6A16-4B13-81EC-0F417D895102}.Debug|Any CPU.ActiveCfg = Debug|Any CPU
		{C330F0FB-6A16-4B13-81EC-0F417D895102}.Debug|Any CPU.Build.0 = Debug|Any CPU
		{C330F0FB-6A16-4B13-81EC-0F417D895102}.Release|Any CPU.ActiveCfg = Release|Any CPU
		{C330F0FB-6A16-4B13-81EC-0F417D895102}.Release|Any CPU.Build.0 = Release|Any CPU
	EndGlobalSection
	GlobalSection(SolutionProperties) = preSolution
		HideSolutionNode = FALSE
	EndGlobalSection
	GlobalSection(ExtensibilityGlobals) = postSolution
		SolutionGuid = {8AC1D229-3C72-4571-AC4D-667777F004B8}
	EndGlobalSection
EndGlobal
